<?xml version="1.0" encoding="utf-8"?>
<Project ToolsVersion="4.0" xmlns="http://schemas.microsoft.com/developer/msbuild/2003">
  <ItemGroup>
    <Filter Include="资源文件">
      <UniqueIdentifier>{67DA6AB6-F800-4c08-8B7A-83BB121AAD01}</UniqueIdentifier>
      <Extensions>rc;ico;cur;bmp;dlg;rc2;rct;bin;rgs;gif;jpg;jpeg;jpe;resx;tiff;tif;png;wav;mfcribbon-ms</Extensions>
    </Filter>
    <Filter Include="Source">
      <UniqueIdentifier>{4FC737F1-C7A5-4376-A066-2A32D752A2FF}</UniqueIdentifier>
      <Extensions>cpp;c;cc;cxx;def;odl;idl;hpj;bat;asm;asmx</Extensions>
    </Filter>
    <Filter Include="Core">
      <UniqueIdentifier>{8793b701-49f6-4879-91ec-be36a8c9b740}</UniqueIdentifier>
    </Filter>
    <Filter Include="Core\Containers">
      <UniqueIdentifier>{ffdf3f30-139c-43f8-98b5-8afb9a35de32}</UniqueIdentifier>
    </Filter>
    <Filter Include="Core\GenericPlatform">
      <UniqueIdentifier>{12677f37-686c-4681-bea5-bad59ae1f55b}</UniqueIdentifier>
    </Filter>
    <Filter Include="Core\Log">
      <UniqueIdentifier>{4f92f94b-2476-4ec1-b3e6-5a33a70c1ddd}</UniqueIdentifier>
    </Filter>
    <Filter Include="Engine">
      <UniqueIdentifier>{8fc77d92-ea3c-4d9d-bc65-634c5c7b95ec}</UniqueIdentifier>
    </Filter>
    <Filter Include="Engine\components">
      <UniqueIdentifier>{6d7f2db0-4bdd-4818-944b-c503677d1e91}</UniqueIdentifier>
    </Filter>
    <Filter Include="Core\Math">
      <UniqueIdentifier>{407ecce3-1489-4b55-b176-683441106977}</UniqueIdentifier>
    </Filter>
    <Filter Include="Core\Common">
      <UniqueIdentifier>{88787866-3dc6-4c6d-8f99-eb41d837c05d}</UniqueIdentifier>
    </Filter>
  </ItemGroup>
  <ItemGroup>
    <ClCompile Include="source\Main.cpp">
      <Filter>Source</Filter>
    </ClCompile>
    <ClCompile Include="source\Actor.cpp">
      <Filter>Engine</Filter>
    </ClCompile>
    <ClCompile Include="source\GameInstance.cpp">
      <Filter>Engine</Filter>
    </ClCompile>
    <ClCompile Include="source\Object.cpp">
      <Filter>Engine</Filter>
    </ClCompile>
    <ClCompile Include="source\FMath.cpp">
      <Filter>Core\Math</Filter>
    </ClCompile>
    <ClCompile Include="source\FMatrix.cpp">
      <Filter>Core\Math</Filter>
    </ClCompile>
  </ItemGroup>
  <ItemGroup>
    <ClInclude Include="include\Actor.h">
      <Filter>Engine</Filter>
    </ClInclude>
    <ClInclude Include="include\ActorComponent.h">
      <Filter>Engine\components</Filter>
    </ClInclude>
    <ClInclude Include="include\SceneComponent.h">
      <Filter>Engine\components</Filter>
    </ClInclude>
    <ClInclude Include="include\Engine.h">
      <Filter>Engine</Filter>
    </ClInclude>
    <ClInclude Include="include\Level.h">
      <Filter>Engine</Filter>
    </ClInclude>
    <ClInclude Include="include\Object.h">
      <Filter>Engine</Filter>
    </ClInclude>
    <ClInclude Include="include\World.h">
      <Filter>Engine</Filter>
    </ClInclude>
    <ClInclude Include="include\GameInstance.h">
      <Filter>Engine</Filter>
    </ClInclude>
    <ClInclude Include="include\GenericPlatform.h">
      <Filter>Core\GenericPlatform</Filter>
    </ClInclude>
    <ClInclude Include="include\Platform.h">
      <Filter>Core\GenericPlatform</Filter>
    </ClInclude>
    <ClInclude Include="include\Allocator.h">
      <Filter>Core\Containers</Filter>
    </ClInclude>
    <ClInclude Include="include\WindowsPlatform.h">
      <Filter>Core\GenericPlatform</Filter>
    </ClInclude>
    <ClInclude Include="include\FVector.h">
      <Filter>Core\Math</Filter>
    </ClInclude>
    <ClInclude Include="include\FMath.h">
      <Filter>Core\Math</Filter>
    </ClInclude>
    <ClInclude Include="include\FMathUtility.h">
      <Filter>Core\Math</Filter>
    </ClInclude>
    <ClInclude Include="include\CoreDefines.h">
      <Filter>Core\Common</Filter>
    </ClInclude>
    <ClInclude Include="include\FMatrix.h">
      <Filter>Core\Math</Filter>
    </ClInclude>
    <ClInclude Include="include\FVector4.h">
      <Filter>Core\Math</Filter>
    </ClInclude>
  </ItemGroup>
</Project>