<?xml version="1.0" encoding="utf-8"?>
<Project ToolsVersion="4.0" xmlns="http://schemas.microsoft.com/developer/msbuild/2003">
  <ItemGroup>
    <Filter Include="资源文件">
      <UniqueIdentifier>{67DA6AB6-F800-4c08-8B7A-83BB121AAD01}</UniqueIdentifier>
      <Extensions>rc;ico;cur;bmp;dlg;rc2;rct;bin;rgs;gif;jpg;jpeg;jpe;resx;tiff;tif;png;wav;mfcribbon-ms</Extensions>
    </Filter>
    <Filter Include="include">
      <UniqueIdentifier>{93995380-89BD-4b04-88EB-625FBE52EBFB}</UniqueIdentifier>
      <Extensions>h;hh;hpp;hxx;hm;inl;inc;xsd</Extensions>
    </Filter>
    <Filter Include="source">
      <UniqueIdentifier>{4FC737F1-C7A5-4376-A066-2A32D752A2FF}</UniqueIdentifier>
      <Extensions>cpp;c;cc;cxx;def;odl;idl;hpj;bat;asm;asmx</Extensions>
    </Filter>
    <Filter Include="include\core">
      <UniqueIdentifier>{8793b701-49f6-4879-91ec-be36a8c9b740}</UniqueIdentifier>
    </Filter>
    <Filter Include="include\core\containers">
      <UniqueIdentifier>{ffdf3f30-139c-43f8-98b5-8afb9a35de32}</UniqueIdentifier>
    </Filter>
    <Filter Include="include\engine">
      <UniqueIdentifier>{8fc77d92-ea3c-4d9d-bc65-634c5c7b95ec}</UniqueIdentifier>
    </Filter>
    <Filter Include="source\engine">
      <UniqueIdentifier>{f2ef87e1-f31b-4504-907d-a3d8b65efe74}</UniqueIdentifier>
    </Filter>
    <Filter Include="include\engine\components">
      <UniqueIdentifier>{6d7f2db0-4bdd-4818-944b-c503677d1e91}</UniqueIdentifier>
    </Filter>
  </ItemGroup>
  <ItemGroup>
    <ClCompile Include="source\Main.cpp">
      <Filter>source</Filter>
    </ClCompile>
    <ClCompile Include="source\Actor.cpp">
      <Filter>source\engine</Filter>
    </ClCompile>
    <ClCompile Include="source\Object.cpp">
      <Filter>source\engine</Filter>
    </ClCompile>
    <ClCompile Include="source\GameInstance.cpp">
      <Filter>source\engine</Filter>
    </ClCompile>
  </ItemGroup>
  <ItemGroup>
    <ClInclude Include="include\AVector.h">
      <Filter>include\core\containers</Filter>
    </ClInclude>
    <ClInclude Include="include\Actor.h">
      <Filter>include\engine</Filter>
    </ClInclude>
    <ClInclude Include="include\ActorComponent.h">
      <Filter>include\engine\components</Filter>
    </ClInclude>
    <ClInclude Include="include\SceneComponent.h">
      <Filter>include\engine\components</Filter>
    </ClInclude>
    <ClInclude Include="include\Engine.h">
      <Filter>include\engine</Filter>
    </ClInclude>
    <ClInclude Include="include\Level.h">
      <Filter>include\engine</Filter>
    </ClInclude>
    <ClInclude Include="include\Object.h">
      <Filter>include\engine</Filter>
    </ClInclude>
    <ClInclude Include="include\World.h">
      <Filter>include\engine</Filter>
    </ClInclude>
    <ClInclude Include="include\GameInstance.h">
      <Filter>include\engine</Filter>
    </ClInclude>
  </ItemGroup>
</Project>